// !$*UTF8*$!
{
	archiveVersion = 1;
	classes = {
	};
	objectVersion = 46;
	objects = {

/* Begin PBXBuildFile section */
		609480631E4F9F2C00875E63 /* AppDelegate.swift in Sources */ = {isa = PBXBuildFile; fileRef = 609480621E4F9F2C00875E63 /* AppDelegate.swift */; };
		609480651E4F9F2C00875E63 /* ViewController.swift in Sources */ = {isa = PBXBuildFile; fileRef = 609480641E4F9F2C00875E63 /* ViewController.swift */; };
		609480681E4F9F2C00875E63 /* Main.storyboard in Resources */ = {isa = PBXBuildFile; fileRef = 609480661E4F9F2C00875E63 /* Main.storyboard */; };
		6094806A1E4F9F2C00875E63 /* Assets.xcassets in Resources */ = {isa = PBXBuildFile; fileRef = 609480691E4F9F2C00875E63 /* Assets.xcassets */; };
		6094806D1E4F9F2C00875E63 /* LaunchScreen.storyboard in Resources */ = {isa = PBXBuildFile; fileRef = 6094806B1E4F9F2C00875E63 /* LaunchScreen.storyboard */; };
		609480781E4F9F2C00875E63 /* Tip_Calculator_for_IOS9Tests.swift in Sources */ = {isa = PBXBuildFile; fileRef = 609480771E4F9F2C00875E63 /* Tip_Calculator_for_IOS9Tests.swift */; };
		609480831E4F9F2C00875E63 /* Tip_Calculator_for_IOS9UITests.swift in Sources */ = {isa = PBXBuildFile; fileRef = 609480821E4F9F2C00875E63 /* Tip_Calculator_for_IOS9UITests.swift */; };
/* End PBXBuildFile section */

/* Begin PBXContainerItemProxy section */
		609480741E4F9F2C00875E63 /* PBXContainerItemProxy */ = {
			isa = PBXContainerItemProxy;
			containerPortal = 609480571E4F9F2B00875E63 /* Project object */;
			proxyType = 1;
			remoteGlobalIDString = 6094805E1E4F9F2B00875E63;
			remoteInfo = "Tip Calculator for IOS9";
		};
		6094807F1E4F9F2C00875E63 /* PBXContainerItemProxy */ = {
			isa = PBXContainerItemProxy;
			containerPortal = 609480571E4F9F2B00875E63 /* Project object */;
			proxyType = 1;
			remoteGlobalIDString = 6094805E1E4F9F2B00875E63;
			remoteInfo = "Tip Calculator for IOS9";
		};
/* End PBXContainerItemProxy section */

/* Begin PBXFileReference section */
		6094805F1E4F9F2C00875E63 /* Tip Calculator for IOS9.app */ = {isa = PBXFileReference; explicitFileType = wrapper.application; includeInIndex = 0; path = "Tip Calculator for IOS9.app"; sourceTree = BUILT_PRODUCTS_DIR; };
		609480621E4F9F2C00875E63 /* AppDelegate.swift */ = {isa = PBXFileReference; lastKnownFileType = sourcecode.swift; path = AppDelegate.swift; sourceTree = "<group>"; };
		609480641E4F9F2C00875E63 /* ViewController.swift */ = {isa = PBXFileReference; lastKnownFileType = sourcecode.swift; path = ViewController.swift; sourceTree = "<group>"; };
		609480671E4F9F2C00875E63 /* Base */ = {isa = PBXFileReference; lastKnownFileType = file.storyboard; name = Base; path = Base.lproj/Main.storyboard; sourceTree = "<group>"; };
		609480691E4F9F2C00875E63 /* Assets.xcassets */ = {isa = PBXFileReference; lastKnownFileType = folder.assetcatalog; path = Assets.xcassets; sourceTree = "<group>"; };
		6094806C1E4F9F2C00875E63 /* Base */ = {isa = PBXFileReference; lastKnownFileType = file.storyboard; name = Base; path = Base.lproj/LaunchScreen.storyboard; sourceTree = "<group>"; };
		6094806E1E4F9F2C00875E63 /* Info.plist */ = {isa = PBXFileReference; lastKnownFileType = text.plist.xml; path = Info.plist; sourceTree = "<group>"; };
		609480731E4F9F2C00875E63 /* Tip Calculator for IOS9Tests.xctest */ = {isa = PBXFileReference; explicitFileType = wrapper.cfbundle; includeInIndex = 0; path = "Tip Calculator for IOS9Tests.xctest"; sourceTree = BUILT_PRODUCTS_DIR; };
		609480771E4F9F2C00875E63 /* Tip_Calculator_for_IOS9Tests.swift */ = {isa = PBXFileReference; lastKnownFileType = sourcecode.swift; path = Tip_Calculator_for_IOS9Tests.swift; sourceTree = "<group>"; };
		609480791E4F9F2C00875E63 /* Info.plist */ = {isa = PBXFileReference; lastKnownFileType = text.plist.xml; path = Info.plist; sourceTree = "<group>"; };
		6094807E1E4F9F2C00875E63 /* Tip Calculator for IOS9UITests.xctest */ = {isa = PBXFileReference; explicitFileType = wrapper.cfbundle; includeInIndex = 0; path = "Tip Calculator for IOS9UITests.xctest"; sourceTree = BUILT_PRODUCTS_DIR; };
		609480821E4F9F2C00875E63 /* Tip_Calculator_for_IOS9UITests.swift */ = {isa = PBXFileReference; lastKnownFileType = sourcecode.swift; path = Tip_Calculator_for_IOS9UITests.swift; sourceTree = "<group>"; };
		609480841E4F9F2C00875E63 /* Info.plist */ = {isa = PBXFileReference; lastKnownFileType = text.plist.xml; path = Info.plist; sourceTree = "<group>"; };
/* End PBXFileReference section */

/* Begin PBXFrameworksBuildPhase section */
		6094805C1E4F9F2B00875E63 /* Frameworks */ = {
			isa = PBXFrameworksBuildPhase;
			buildActionMask = 2147483647;
			files = (
			);
			runOnlyForDeploymentPostprocessing = 0;
		};
		609480701E4F9F2C00875E63 /* Frameworks */ = {
			isa = PBXFrameworksBuildPhase;
			buildActionMask = 2147483647;
			files = (
			);
			runOnlyForDeploymentPostprocessing = 0;
		};
		6094807B1E4F9F2C00875E63 /* Frameworks */ = {
			isa = PBXFrameworksBuildPhase;
			buildActionMask = 2147483647;
			files = (
			);
			runOnlyForDeploymentPostprocessing = 0;
		};
/* End PBXFrameworksBuildPhase section */

/* Begin PBXGroup section */
		609480561E4F9F2B00875E63 = {
			isa = PBXGroup;
			children = (
				609480611E4F9F2C00875E63 /* Tip Calculator for IOS9 */,
				609480761E4F9F2C00875E63 /* Tip Calculator for IOS9Tests */,
				609480811E4F9F2C00875E63 /* Tip Calculator for IOS9UITests */,
				609480601E4F9F2C00875E63 /* Products */,
			);
			sourceTree = "<group>";
		};
		609480601E4F9F2C00875E63 /* Products */ = {
			isa = PBXGroup;
			children = (
				6094805F1E4F9F2C00875E63 /* Tip Calculator for IOS9.app */,
				609480731E4F9F2C00875E63 /* Tip Calculator for IOS9Tests.xctest */,
				6094807E1E4F9F2C00875E63 /* Tip Calculator for IOS9UITests.xctest */,
			);
			name = Products;
			sourceTree = "<group>";
		};
		609480611E4F9F2C00875E63 /* Tip Calculator for IOS9 */ = {
			isa = PBXGroup;
			children = (
				609480621E4F9F2C00875E63 /* AppDelegate.swift */,
				609480641E4F9F2C00875E63 /* ViewController.swift */,
				609480661E4F9F2C00875E63 /* Main.storyboard */,
				609480691E4F9F2C00875E63 /* Assets.xcassets */,
				6094806B1E4F9F2C00875E63 /* LaunchScreen.storyboard */,
				6094806E1E4F9F2C00875E63 /* Info.plist */,
			);
			path = "Tip Calculator for IOS9";
			sourceTree = "<group>";
		};
		609480761E4F9F2C00875E63 /* Tip Calculator for IOS9Tests */ = {
			isa = PBXGroup;
			children = (
				609480771E4F9F2C00875E63 /* Tip_Calculator_for_IOS9Tests.swift */,
				609480791E4F9F2C00875E63 /* Info.plist */,
			);
			path = "Tip Calculator for IOS9Tests";
			sourceTree = "<group>";
		};
		609480811E4F9F2C00875E63 /* Tip Calculator for IOS9UITests */ = {
			isa = PBXGroup;
			children = (
				609480821E4F9F2C00875E63 /* Tip_Calculator_for_IOS9UITests.swift */,
				609480841E4F9F2C00875E63 /* Info.plist */,
			);
			path = "Tip Calculator for IOS9UITests";
			sourceTree = "<group>";
		};
/* End PBXGroup section */

/* Begin PBXNativeTarget section */
		6094805E1E4F9F2B00875E63 /* Tip Calculator for IOS9 */ = {
			isa = PBXNativeTarget;
			buildConfigurationList = 609480871E4F9F2C00875E63 /* Build configuration list for PBXNativeTarget "Tip Calculator for IOS9" */;
			buildPhases = (
				6094805B1E4F9F2B00875E63 /* Sources */,
				6094805C1E4F9F2B00875E63 /* Frameworks */,
				6094805D1E4F9F2B00875E63 /* Resources */,
			);
			buildRules = (
			);
			dependencies = (
			);
			name = "Tip Calculator for IOS9";
			productName = "Tip Calculator for IOS9";
			productReference = 6094805F1E4F9F2C00875E63 /* Tip Calculator for IOS9.app */;
			productType = "com.apple.product-type.application";
		};
		609480721E4F9F2C00875E63 /* Tip Calculator for IOS9Tests */ = {
			isa = PBXNativeTarget;
			buildConfigurationList = 6094808A1E4F9F2C00875E63 /* Build configuration list for PBXNativeTarget "Tip Calculator for IOS9Tests" */;
			buildPhases = (
				6094806F1E4F9F2C00875E63 /* Sources */,
				609480701E4F9F2C00875E63 /* Frameworks */,
				609480711E4F9F2C00875E63 /* Resources */,
			);
			buildRules = (
			);
			dependencies = (
				609480751E4F9F2C00875E63 /* PBXTargetDependency */,
			);
			name = "Tip Calculator for IOS9Tests";
			productName = "Tip Calculator for IOS9Tests";
			productReference = 609480731E4F9F2C00875E63 /* Tip Calculator for IOS9Tests.xctest */;
			productType = "com.apple.product-type.bundle.unit-test";
		};
		6094807D1E4F9F2C00875E63 /* Tip Calculator for IOS9UITests */ = {
			isa = PBXNativeTarget;
			buildConfigurationList = 6094808D1E4F9F2C00875E63 /* Build configuration list for PBXNativeTarget "Tip Calculator for IOS9UITests" */;
			buildPhases = (
				6094807A1E4F9F2C00875E63 /* Sources */,
				6094807B1E4F9F2C00875E63 /* Frameworks */,
				6094807C1E4F9F2C00875E63 /* Resources */,
			);
			buildRules = (
			);
			dependencies = (
				609480801E4F9F2C00875E63 /* PBXTargetDependency */,
			);
			name = "Tip Calculator for IOS9UITests";
			productName = "Tip Calculator for IOS9UITests";
			productReference = 6094807E1E4F9F2C00875E63 /* Tip Calculator for IOS9UITests.xctest */;
			productType = "com.apple.product-type.bundle.ui-testing";
		};
/* End PBXNativeTarget section */

/* Begin PBXProject section */
		609480571E4F9F2B00875E63 /* Project object */ = {
			isa = PBXProject;
			attributes = {
				LastSwiftUpdateCheck = 0820;
				LastUpgradeCheck = 0820;
				ORGANIZATIONNAME = "Ruben Martinez";
				TargetAttributes = {
					6094805E1E4F9F2B00875E63 = {
						CreatedOnToolsVersion = 8.2.1;
						ProvisioningStyle = Automatic;
					};
					609480721E4F9F2C00875E63 = {
						CreatedOnToolsVersion = 8.2.1;
						ProvisioningStyle = Automatic;
						TestTargetID = 6094805E1E4F9F2B00875E63;
					};
					6094807D1E4F9F2C00875E63 = {
						CreatedOnToolsVersion = 8.2.1;
						ProvisioningStyle = Automatic;
						TestTargetID = 6094805E1E4F9F2B00875E63;
					};
				};
			};
			buildConfigurationList = 6094805A1E4F9F2B00875E63 /* Build configuration list for PBXProject "Tip Calculator for IOS9" */;
			compatibilityVersion = "Xcode 3.2";
			developmentRegion = English;
			hasScannedForEncodings = 0;
			knownRegions = (
				en,
				Base,
			);
			mainGroup = 609480561E4F9F2B00875E63;
			productRefGroup = 609480601E4F9F2C00875E63 /* Products */;
			projectDirPath = "";
			projectRoot = "";
			targets = (
				6094805E1E4F9F2B00875E63 /* Tip Calculator for IOS9 */,
				609480721E4F9F2C00875E63 /* Tip Calculator for IOS9Tests */,
				6094807D1E4F9F2C00875E63 /* Tip Calculator for IOS9UITests */,
			);
		};
/* End PBXProject section */

/* Begin PBXResourcesBuildPhase section */
		6094805D1E4F9F2B00875E63 /* Resources */ = {
			isa = PBXResourcesBuildPhase;
			buildActionMask = 2147483647;
			files = (
				6094806D1E4F9F2C00875E63 /* LaunchScreen.storyboard in Resources */,
				6094806A1E4F9F2C00875E63 /* Assets.xcassets in Resources */,
				609480681E4F9F2C00875E63 /* Main.storyboard in Resources */,
			);
			runOnlyForDeploymentPostprocessing = 0;
		};
		609480711E4F9F2C00875E63 /* Resources */ = {
			isa = PBXResourcesBuildPhase;
			buildActionMask = 2147483647;
			files = (
			);
			runOnlyForDeploymentPostprocessing = 0;
		};
		6094807C1E4F9F2C00875E63 /* Resources */ = {
			isa = PBXResourcesBuildPhase;
			buildActionMask = 2147483647;
			files = (
			);
			runOnlyForDeploymentPostprocessing = 0;
		};
/* End PBXResourcesBuildPhase section */

/* Begin PBXSourcesBuildPhase section */
		6094805B1E4F9F2B00875E63 /* Sources */ = {
			isa = PBXSourcesBuildPhase;
			buildActionMask = 2147483647;
			files = (
				609480651E4F9F2C00875E63 /* ViewController.swift in Sources */,
				609480631E4F9F2C00875E63 /* AppDelegate.swift in Sources */,
			);
			runOnlyForDeploymentPostprocessing = 0;
		};
		6094806F1E4F9F2C00875E63 /* Sources */ = {
			isa = PBXSourcesBuildPhase;
			buildActionMask = 2147483647;
			files = (
				609480781E4F9F2C00875E63 /* Tip_Calculator_for_IOS9Tests.swift in Sources */,
			);
			runOnlyForDeploymentPostprocessing = 0;
		};
		6094807A1E4F9F2C00875E63 /* Sources */ = {
			isa = PBXSourcesBuildPhase;
			buildActionMask = 2147483647;
			files = (
				609480831E4F9F2C00875E63 /* Tip_Calculator_for_IOS9UITests.swift in Sources */,
			);
			runOnlyForDeploymentPostprocessing = 0;
		};
/* End PBXSourcesBuildPhase section */

/* Begin PBXTargetDependency section */
		609480751E4F9F2C00875E63 /* PBXTargetDependency */ = {
			isa = PBXTargetDependency;
			target = 6094805E1E4F9F2B00875E63 /* Tip Calculator for IOS9 */;
			targetProxy = 609480741E4F9F2C00875E63 /* PBXContainerItemProxy */;
		};
		609480801E4F9F2C00875E63 /* PBXTargetDependency */ = {
			isa = PBXTargetDependency;
			target = 6094805E1E4F9F2B00875E63 /* Tip Calculator for IOS9 */;
			targetProxy = 6094807F1E4F9F2C00875E63 /* PBXContainerItemProxy */;
		};
/* End PBXTargetDependency section */

/* Begin PBXVariantGroup section */
		609480661E4F9F2C00875E63 /* Main.storyboard */ = {
			isa = PBXVariantGroup;
			children = (
				609480671E4F9F2C00875E63 /* Base */,
			);
			name = Main.storyboard;
			sourceTree = "<group>";
		};
		6094806B1E4F9F2C00875E63 /* LaunchScreen.storyboard */ = {
			isa = PBXVariantGroup;
			children = (
				6094806C1E4F9F2C00875E63 /* Base */,
			);
			name = LaunchScreen.storyboard;
			sourceTree = "<group>";
		};
/* End PBXVariantGroup section */

/* Begin XCBuildConfiguration section */
		609480851E4F9F2C00875E63 /* Debug */ = {
			isa = XCBuildConfiguration;
			buildSettings = {
				ALWAYS_SEARCH_USER_PATHS = NO;
				CLANG_ANALYZER_NONNULL = YES;
				CLANG_CXX_LANGUAGE_STANDARD = "gnu++0x";
				CLANG_CXX_LIBRARY = "libc++";
				CLANG_ENABLE_MODULES = YES;
				CLANG_ENABLE_OBJC_ARC = YES;
				CLANG_WARN_BOOL_CONVERSION = YES;
				CLANG_WARN_CONSTANT_CONVERSION = YES;
				CLANG_WARN_DIRECT_OBJC_ISA_USAGE = YES_ERROR;
				CLANG_WARN_DOCUMENTATION_COMMENTS = YES;
				CLANG_WARN_EMPTY_BODY = YES;
				CLANG_WARN_ENUM_CONVERSION = YES;
				CLANG_WARN_INFINITE_RECURSION = YES;
				CLANG_WARN_INT_CONVERSION = YES;
				CLANG_WARN_OBJC_ROOT_CLASS = YES_ERROR;
				CLANG_WARN_SUSPICIOUS_MOVE = YES;
				CLANG_WARN_UNREACHABLE_CODE = YES;
				CLANG_WARN__DUPLICATE_METHOD_MATCH = YES;
				"CODE_SIGN_IDENTITY[sdk=iphoneos*]" = "iPhone Developer";
				COPY_PHASE_STRIP = NO;
				DEBUG_INFORMATION_FORMAT = dwarf;
				ENABLE_STRICT_OBJC_MSGSEND = YES;
				ENABLE_TESTABILITY = YES;
				GCC_C_LANGUAGE_STANDARD = gnu99;
				GCC_DYNAMIC_NO_PIC = NO;
				GCC_NO_COMMON_BLOCKS = YES;
				GCC_OPTIMIZATION_LEVEL = 0;
				GCC_PREPROCESSOR_DEFINITIONS = (
					"DEBUG=1",
					"$(inherited)",
				);
				GCC_WARN_64_TO_32_BIT_CONVERSION = YES;
				GCC_WARN_ABOUT_RETURN_TYPE = YES_ERROR;
				GCC_WARN_UNDECLARED_SELECTOR = YES;
				GCC_WARN_UNINITIALIZED_AUTOS = YES_AGGRESSIVE;
				GCC_WARN_UNUSED_FUNCTION = YES;
				GCC_WARN_UNUSED_VARIABLE = YES;
				IPHONEOS_DEPLOYMENT_TARGET = 10.2;
				MTL_ENABLE_DEBUG_INFO = YES;
				ONLY_ACTIVE_ARCH = YES;
				SDKROOT = iphoneos;
				SWIFT_ACTIVE_COMPILATION_CONDITIONS = DEBUG;
				SWIFT_OPTIMIZATION_LEVEL = "-Onone";
			};
			name = Debug;
		};
		609480861E4F9F2C00875E63 /* Release */ = {
			isa = XCBuildConfiguration;
			buildSettings = {
				ALWAYS_SEARCH_USER_PATHS = NO;
				CLANG_ANALYZER_NONNULL = YES;
				CLANG_CXX_LANGUAGE_STANDARD = "gnu++0x";
				CLANG_CXX_LIBRARY = "libc++";
				CLANG_ENABLE_MODULES = YES;
				CLANG_ENABLE_OBJC_ARC = YES;
				CLANG_WARN_BOOL_CONVERSION = YES;
				CLANG_WARN_CONSTANT_CONVERSION = YES;
				CLANG_WARN_DIRECT_OBJC_ISA_USAGE = YES_ERROR;
				CLANG_WARN_DOCUMENTATION_COMMENTS = YES;
				CLANG_WARN_EMPTY_BODY = YES;
				CLANG_WARN_ENUM_CONVERSION = YES;
				CLANG_WARN_INFINITE_RECURSION = YES;
				CLANG_WARN_INT_CONVERSION = YES;
				CLANG_WARN_OBJC_ROOT_CLASS = YES_ERROR;
				CLANG_WARN_SUSPICIOUS_MOVE = YES;
				CLANG_WARN_UNREACHABLE_CODE = YES;
				CLANG_WARN__DUPLICATE_METHOD_MATCH = YES;
				"CODE_SIGN_IDENTITY[sdk=iphoneos*]" = "iPhone Developer";
				COPY_PHASE_STRIP = NO;
				DEBUG_INFORMATION_FORMAT = "dwarf-with-dsym";
				ENABLE_NS_ASSERTIONS = NO;
				ENABLE_STRICT_OBJC_MSGSEND = YES;
				GCC_C_LANGUAGE_STANDARD = gnu99;
				GCC_NO_COMMON_BLOCKS = YES;
				GCC_WARN_64_TO_32_BIT_CONVERSION = YES;
				GCC_WARN_ABOUT_RETURN_TYPE = YES_ERROR;
				GCC_WARN_UNDECLARED_SELECTOR = YES;
				GCC_WARN_UNINITIALIZED_AUTOS = YES_AGGRESSIVE;
				GCC_WARN_UNUSED_FUNCTION = YES;
				GCC_WARN_UNUSED_VARIABLE = YES;
				IPHONEOS_DEPLOYMENT_TARGET = 10.2;
				MTL_ENABLE_DEBUG_INFO = NO;
				SDKROOT = iphoneos;
				SWIFT_OPTIMIZATION_LEVEL = "-Owholemodule";
				VALIDATE_PRODUCT = YES;
			};
			name = Release;
		};
		609480881E4F9F2C00875E63 /* Debug */ = {
			isa = XCBuildConfiguration;
			buildSettings = {
				ASSETCATALOG_COMPILER_APPICON_NAME = AppIcon;
				INFOPLIST_FILE = "Tip Calculator for IOS9/Info.plist";
				LD_RUNPATH_SEARCH_PATHS = "$(inherited) @executable_path/Frameworks";
				PRODUCT_BUNDLE_IDENTIFIER = "Ruben-Martinez.Tip-Calculator-for-IOS9";
				PRODUCT_NAME = "$(TARGET_NAME)";
				SWIFT_VERSION = 3.0;
			};
			name = Debug;
		};
		609480891E4F9F2C00875E63 /* Release */ = {
			isa = XCBuildConfiguration;
			buildSettings = {
				ASSETCATALOG_COMPILER_APPICON_NAME = AppIcon;
				INFOPLIST_FILE = "Tip Calculator for IOS9/Info.plist";
				LD_RUNPATH_SEARCH_PATHS = "$(inherited) @executable_path/Frameworks";
				PRODUCT_BUNDLE_IDENTIFIER = "Ruben-Martinez.Tip-Calculator-for-IOS9";
				PRODUCT_NAME = "$(TARGET_NAME)";
				SWIFT_VERSION = 3.0;
			};
			name = Release;
		};
		6094808B1E4F9F2C00875E63 /* Debug */ = {
			isa = XCBuildConfiguration;
			buildSettings = {
				ALWAYS_EMBED_SWIFT_STANDARD_LIBRARIES = YES;
				BUNDLE_LOADER = "$(TEST_HOST)";
				INFOPLIST_FILE = "Tip Calculator for IOS9Tests/Info.plist";
				LD_RUNPATH_SEARCH_PATHS = "$(inherited) @executable_path/Frameworks @loader_path/Frameworks";
				PRODUCT_BUNDLE_IDENTIFIER = "Ruben-Martinez.Tip-Calculator-for-IOS9Tests";
				PRODUCT_NAME = "$(TARGET_NAME)";
				SWIFT_VERSION = 3.0;
				TEST_HOST = "$(BUILT_PRODUCTS_DIR)/Tip Calculator for IOS9.app/Tip Calculator for IOS9";
			};
			name = Debug;
		};
		6094808C1E4F9F2C00875E63 /* Release */ = {
			isa = XCBuildConfiguration;
			buildSettings = {
				ALWAYS_EMBED_SWIFT_STANDARD_LIBRARIES = YES;
				BUNDLE_LOADER = "$(TEST_HOST)";
				INFOPLIST_FILE = "Tip Calculator for IOS9Tests/Info.plist";
				LD_RUNPATH_SEARCH_PATHS = "$(inherited) @executable_path/Frameworks @loader_path/Frameworks";
				PRODUCT_BUNDLE_IDENTIFIER = "Ruben-Martinez.Tip-Calculator-for-IOS9Tests";
				PRODUCT_NAME = "$(TARGET_NAME)";
				SWIFT_VERSION = 3.0;
				TEST_HOST = "$(BUILT_PRODUCTS_DIR)/Tip Calculator for IOS9.app/Tip Calculator for IOS9";
			};
			name = Release;
		};
		6094808E1E4F9F2C00875E63 /* Debug */ = {
			isa = XCBuildConfiguration;
			buildSettings = {
				ALWAYS_EMBED_SWIFT_STANDARD_LIBRARIES = YES;
				INFOPLIST_FILE = "Tip Calculator for IOS9UITests/Info.plist";
				LD_RUNPATH_SEARCH_PATHS = "$(inherited) @executable_path/Frameworks @loader_path/Frameworks";
				PRODUCT_BUNDLE_IDENTIFIER = "Ruben-Martinez.Tip-Calculator-for-IOS9UITests";
				PRODUCT_NAME = "$(TARGET_NAME)";
				SWIFT_VERSION = 3.0;
				TEST_TARGET_NAME = "Tip Calculator for IOS9";
			};
			name = Debug;
		};
		6094808F1E4F9F2C00875E63 /* Release */ = {
			isa = XCBuildConfiguration;
			buildSettings = {
				ALWAYS_EMBED_SWIFT_STANDARD_LIBRARIES = YES;
				INFOPLIST_FILE = "Tip Calculator for IOS9UITests/Info.plist";
				LD_RUNPATH_SEARCH_PATHS = "$(inherited) @executable_path/Frameworks @loader_path/Frameworks";
				PRODUCT_BUNDLE_IDENTIFIER = "Ruben-Martinez.Tip-Calculator-for-IOS9UITests";
				PRODUCT_NAME = "$(TARGET_NAME)";
				SWIFT_VERSION = 3.0;
				TEST_TARGET_NAME = "Tip Calculator for IOS9";
			};
			name = Release;
		};
/* End XCBuildConfiguration section */

/* Begin XCConfigurationList section */
		6094805A1E4F9F2B00875E63 /* Build configuration list for PBXProject "Tip Calculator for IOS9" */ = {
			isa = XCConfigurationList;
			buildConfigurations = (
				609480851E4F9F2C00875E63 /* Debug */,
				609480861E4F9F2C00875E63 /* Release */,
			);
			defaultConfigurationIsVisible = 0;
			defaultConfigurationName = Release;
		};
		609480871E4F9F2C00875E63 /* Build configuration list for PBXNativeTarget "Tip Calculator for IOS9" */ = {
			isa = XCConfigurationList;
			buildConfigurations = (
				609480881E4F9F2C00875E63 /* Debug */,
				609480891E4F9F2C00875E63 /* Release */,
			);
			defaultConfigurationIsVisible = 0;
		};
		6094808A1E4F9F2C00875E63 /* Build configuration list for PBXNativeTarget "Tip Calculator for IOS9Tests" */ = {
			isa = XCConfigurationList;
			buildConfigurations = (
				6094808B1E4F9F2C00875E63 /* Debug */,
				6094808C1E4F9F2C00875E63 /* Release */,
			);
			defaultConfigurationIsVisible = 0;
		};
		6094808D1E4F9F2C00875E63 /* Build configuration list for PBXNativeTarget "Tip Calculator for IOS9UITests" */ = {
			isa = XCConfigurationList;
			buildConfigurations = (
				6094808E1E4F9F2C00875E63 /* Debug */,
				6094808F1E4F9F2C00875E63 /* Release */,
			);
			defaultConfigurationIsVisible = 0;
		};
/* End XCConfigurationList section */
	};
	rootObject = 609480571E4F9F2B00875E63 /* Project object */;
}
